// !$*UTF8*$!
{
	archiveVersion = 1;
	classes = {
	};
	objectVersion = 77;
	objects = {

/* Begin PBXContainerItemProxy section */
		EA7B61C22DDD0A36008F9E1F /* PBXContainerItemProxy */ = {
			isa = PBXContainerItemProxy;
			containerPortal = EA7B61A72DDD0A33008F9E1F /* Project object */;
			proxyType = 1;
			remoteGlobalIDString = EA7B61AE2DDD0A33008F9E1F;
			remoteInfo = Garden;
		};
		EA7B61CC2DDD0A36008F9E1F /* PBXContainerItemProxy */ = {
			isa = PBXContainerItemProxy;
			containerPortal = EA7B61A72DDD0A33008F9E1F /* Project object */;
			proxyType = 1;
			remoteGlobalIDString = EA7B61AE2DDD0A33008F9E1F;
			remoteInfo = Garden;
		};
/* End PBXContainerItemProxy section */

/* Begin PBXFileReference section */
		EA7B61AF2DDD0A33008F9E1F /* Garden.app */ = {isa = PBXFileReference; explicitFileType = wrapper.application; includeInIndex = 0; path = Garden.app; sourceTree = BUILT_PRODUCTS_DIR; };
		EA7B61C12DDD0A36008F9E1F /* GardenTests.xctest */ = {isa = PBXFileReference; explicitFileType = wrapper.cfbundle; includeInIndex = 0; path = GardenTests.xctest; sourceTree = BUILT_PRODUCTS_DIR; };
		EA7B61CB2DDD0A36008F9E1F /* GardenUITests.xctest */ = {isa = PBXFileReference; explicitFileType = wrapper.cfbundle; includeInIndex = 0; path = GardenUITests.xctest; sourceTree = BUILT_PRODUCTS_DIR; };
/* End PBXFileReference section */

/* Begin PBXFileSystemSynchronizedRootGroup section */
		EA7B61B12DDD0A33008F9E1F /* Garden */ = {
			isa = PBXFileSystemSynchronizedRootGroup;
			path = Garden;
			sourceTree = "<group>";
		};
		EA7B61C42DDD0A36008F9E1F /* GardenTests */ = {
			isa = PBXFileSystemSynchronizedRootGroup;
			path = GardenTests;
			sourceTree = "<group>";
		};
		EA7B61CE2DDD0A36008F9E1F /* GardenUITests */ = {
			isa = PBXFileSystemSynchronizedRootGroup;
			path = GardenUITests;
			sourceTree = "<group>";
		};
/* End PBXFileSystemSynchronizedRootGroup section */

/* Begin PBXFrameworksBuildPhase section */
		EA7B61AC2DDD0A33008F9E1F /* Frameworks */ = {
			isa = PBXFrameworksBuildPhase;
			buildActionMask = 2147483647;
			files = (
			);
			runOnlyForDeploymentPostprocessing = 0;
		};
		EA7B61BE2DDD0A36008F9E1F /* Frameworks */ = {
			isa = PBXFrameworksBuildPhase;
			buildActionMask = 2147483647;
			files = (
			);
			runOnlyForDeploymentPostprocessing = 0;
		};
		EA7B61C82DDD0A36008F9E1F /* Frameworks */ = {
			isa = PBXFrameworksBuildPhase;
			buildActionMask = 2147483647;
			files = (
			);
			runOnlyForDeploymentPostprocessing = 0;
		};
/* End PBXFrameworksBuildPhase section */

/* Begin PBXGroup section */
		EA7B61A62DDD0A33008F9E1F = {
			isa = PBXGroup;
			children = (
				EA7B61B12DDD0A33008F9E1F /* Garden */,
				EA7B61C42DDD0A36008F9E1F /* GardenTests */,
				EA7B61CE2DDD0A36008F9E1F /* GardenUITests */,
				EA7B61B02DDD0A33008F9E1F /* Products */,
			);
			sourceTree = "<group>";
		};
		EA7B61B02DDD0A33008F9E1F /* Products */ = {
			isa = PBXGroup;
			children = (
				EA7B61AF2DDD0A33008F9E1F /* Garden.app */,
				EA7B61C12DDD0A36008F9E1F /* GardenTests.xctest */,
				EA7B61CB2DDD0A36008F9E1F /* GardenUITests.xctest */,
			);
			name = Products;
			sourceTree = "<group>";
		};
/* End PBXGroup section */

/* Begin PBXNativeTarget section */
		EA7B61AE2DDD0A33008F9E1F /* Garden */ = {
			isa = PBXNativeTarget;
			buildConfigurationList = EA7B61D52DDD0A36008F9E1F /* Build configuration list for PBXNativeTarget "Garden" */;
			buildPhases = (
				EA7B61AB2DDD0A33008F9E1F /* Sources */,
				EA7B61AC2DDD0A33008F9E1F /* Frameworks */,
				EA7B61AD2DDD0A33008F9E1F /* Resources */,
			);
			buildRules = (
			);
			dependencies = (
			);
			fileSystemSynchronizedGroups = (
				EA7B61B12DDD0A33008F9E1F /* Garden */,
			);
			name = Garden;
			packageProductDependencies = (
			);
			productName = Garden;
			productReference = EA7B61AF2DDD0A33008F9E1F /* Garden.app */;
			productType = "com.apple.product-type.application";
		};
		EA7B61C02DDD0A36008F9E1F /* GardenTests */ = {
			isa = PBXNativeTarget;
			buildConfigurationList = EA7B61D82DDD0A36008F9E1F /* Build configuration list for PBXNativeTarget "GardenTests" */;
			buildPhases = (
				EA7B61BD2DDD0A36008F9E1F /* Sources */,
				EA7B61BE2DDD0A36008F9E1F /* Frameworks */,
				EA7B61BF2DDD0A36008F9E1F /* Resources */,
			);
			buildRules = (
			);
			dependencies = (
				EA7B61C32DDD0A36008F9E1F /* PBXTargetDependency */,
			);
			fileSystemSynchronizedGroups = (
				EA7B61C42DDD0A36008F9E1F /* GardenTests */,
			);
			name = GardenTests;
			packageProductDependencies = (
			);
			productName = GardenTests;
			productReference = EA7B61C12DDD0A36008F9E1F /* GardenTests.xctest */;
			productType = "com.apple.product-type.bundle.unit-test";
		};
		EA7B61CA2DDD0A36008F9E1F /* GardenUITests */ = {
			isa = PBXNativeTarget;
			buildConfigurationList = EA7B61DB2DDD0A36008F9E1F /* Build configuration list for PBXNativeTarget "GardenUITests" */;
			buildPhases = (
				EA7B61C72DDD0A36008F9E1F /* Sources */,
				EA7B61C82DDD0A36008F9E1F /* Frameworks */,
				EA7B61C92DDD0A36008F9E1F /* Resources */,
			);
			buildRules = (
			);
			dependencies = (
				EA7B61CD2DDD0A36008F9E1F /* PBXTargetDependency */,
			);
			fileSystemSynchronizedGroups = (
				EA7B61CE2DDD0A36008F9E1F /* GardenUITests */,
			);
			name = GardenUITests;
			packageProductDependencies = (
			);
			productName = GardenUITests;
			productReference = EA7B61CB2DDD0A36008F9E1F /* GardenUITests.xctest */;
			productType = "com.apple.product-type.bundle.ui-testing";
		};
/* End PBXNativeTarget section */

/* Begin PBXProject section */
		EA7B61A72DDD0A33008F9E1F /* Project object */ = {
			isa = PBXProject;
			attributes = {
				BuildIndependentTargetsInParallel = 1;
				LastSwiftUpdateCheck = 1630;
				LastUpgradeCheck = 1630;
				TargetAttributes = {
					EA7B61AE2DDD0A33008F9E1F = {
						CreatedOnToolsVersion = 16.3;
					};
					EA7B61C02DDD0A36008F9E1F = {
						CreatedOnToolsVersion = 16.3;
						TestTargetID = EA7B61AE2DDD0A33008F9E1F;
					};
					EA7B61CA2DDD0A36008F9E1F = {
						CreatedOnToolsVersion = 16.3;
						TestTargetID = EA7B61AE2DDD0A33008F9E1F;
					};
				};
			};
			buildConfigurationList = EA7B61AA2DDD0A33008F9E1F /* Build configuration list for PBXProject "Garden" */;
			developmentRegion = en;
			hasScannedForEncodings = 0;
			knownRegions = (
				en,
				Base,
			);
			mainGroup = EA7B61A62DDD0A33008F9E1F;
			minimizedProjectReferenceProxies = 1;
			preferredProjectObjectVersion = 77;
			productRefGroup = EA7B61B02DDD0A33008F9E1F /* Products */;
			projectDirPath = "";
			projectRoot = "";
			targets = (
				EA7B61AE2DDD0A33008F9E1F /* Garden */,
				EA7B61C02DDD0A36008F9E1F /* GardenTests */,
				EA7B61CA2DDD0A36008F9E1F /* GardenUITests */,
			);
		};
/* End PBXProject section */

/* Begin PBXResourcesBuildPhase section */
		EA7B61AD2DDD0A33008F9E1F /* Resources */ = {
			isa = PBXResourcesBuildPhase;
			buildActionMask = 2147483647;
			files = (
			);
			runOnlyForDeploymentPostprocessing = 0;
		};
		EA7B61BF2DDD0A36008F9E1F /* Resources */ = {
			isa = PBXResourcesBuildPhase;
			buildActionMask = 2147483647;
			files = (
			);
			runOnlyForDeploymentPostprocessing = 0;
		};
		EA7B61C92DDD0A36008F9E1F /* Resources */ = {
			isa = PBXResourcesBuildPhase;
			buildActionMask = 2147483647;
			files = (
			);
			runOnlyForDeploymentPostprocessing = 0;
		};
/* End PBXResourcesBuildPhase section */

/* Begin PBXSourcesBuildPhase section */
		EA7B61AB2DDD0A33008F9E1F /* Sources */ = {
			isa = PBXSourcesBuildPhase;
			buildActionMask = 2147483647;
			files = (
			);
			runOnlyForDeploymentPostprocessing = 0;
		};
		EA7B61BD2DDD0A36008F9E1F /* Sources */ = {
			isa = PBXSourcesBuildPhase;
			buildActionMask = 2147483647;
			files = (
			);
			runOnlyForDeploymentPostprocessing = 0;
		};
		EA7B61C72DDD0A36008F9E1F /* Sources */ = {
			isa = PBXSourcesBuildPhase;
			buildActionMask = 2147483647;
			files = (
			);
			runOnlyForDeploymentPostprocessing = 0;
		};
/* End PBXSourcesBuildPhase section */

/* Begin PBXTargetDependency section */
		EA7B61C32DDD0A36008F9E1F /* PBXTargetDependency */ = {
			isa = PBXTargetDependency;
			target = EA7B61AE2DDD0A33008F9E1F /* Garden */;
			targetProxy = EA7B61C22DDD0A36008F9E1F /* PBXContainerItemProxy */;
		};
		EA7B61CD2DDD0A36008F9E1F /* PBXTargetDependency */ = {
			isa = PBXTargetDependency;
			target = EA7B61AE2DDD0A33008F9E1F /* Garden */;
			targetProxy = EA7B61CC2DDD0A36008F9E1F /* PBXContainerItemProxy */;
		};
/* End PBXTargetDependency section */

/* Begin XCBuildConfiguration section */
		EA7B61D32DDD0A36008F9E1F /* Debug */ = {
			isa = XCBuildConfiguration;
			buildSettings = {
				ALWAYS_SEARCH_USER_PATHS = NO;
				ASSETCATALOG_COMPILER_GENERATE_SWIFT_ASSET_SYMBOL_EXTENSIONS = YES;
				CLANG_ANALYZER_NONNULL = YES;
				CLANG_ANALYZER_NUMBER_OBJECT_CONVERSION = YES_AGGRESSIVE;
				CLANG_CXX_LANGUAGE_STANDARD = "gnu++20";
				CLANG_ENABLE_MODULES = YES;
				CLANG_ENABLE_OBJC_ARC = YES;
				CLANG_ENABLE_OBJC_WEAK = YES;
				CLANG_WARN_BLOCK_CAPTURE_AUTORELEASING = YES;
				CLANG_WARN_BOOL_CONVERSION = YES;
				CLANG_WARN_COMMA = YES;
				CLANG_WARN_CONSTANT_CONVERSION = YES;
				CLANG_WARN_DEPRECATED_OBJC_IMPLEMENTATIONS = YES;
				CLANG_WARN_DIRECT_OBJC_ISA_USAGE = YES_ERROR;
				CLANG_WARN_DOCUMENTATION_COMMENTS = YES;
				CLANG_WARN_EMPTY_BODY = YES;
				CLANG_WARN_ENUM_CONVERSION = YES;
				CLANG_WARN_INFINITE_RECURSION = YES;
				CLANG_WARN_INT_CONVERSION = YES;
				CLANG_WARN_NON_LITERAL_NULL_CONVERSION = YES;
				CLANG_WARN_OBJC_IMPLICIT_RETAIN_SELF = YES;
				CLANG_WARN_OBJC_LITERAL_CONVERSION = YES;
				CLANG_WARN_OBJC_ROOT_CLASS = YES_ERROR;
				CLANG_WARN_QUOTED_INCLUDE_IN_FRAMEWORK_HEADER = YES;
				CLANG_WARN_RANGE_LOOP_ANALYSIS = YES;
				CLANG_WARN_STRICT_PROTOTYPES = YES;
				CLANG_WARN_SUSPICIOUS_MOVE = YES;
				CLANG_WARN_UNGUARDED_AVAILABILITY = YES_AGGRESSIVE;
				CLANG_WARN_UNREACHABLE_CODE = YES;
				CLANG_WARN__DUPLICATE_METHOD_MATCH = YES;
				COPY_PHASE_STRIP = NO;
				DEBUG_INFORMATION_FORMAT = dwarf;
				DEVELOPMENT_TEAM = 44N4NZ86S5;
				ENABLE_STRICT_OBJC_MSGSEND = YES;
				ENABLE_TESTABILITY = YES;
				ENABLE_USER_SCRIPT_SANDBOXING = YES;
				GCC_C_LANGUAGE_STANDARD = gnu17;
				GCC_DYNAMIC_NO_PIC = NO;
				GCC_NO_COMMON_BLOCKS = YES;
				GCC_OPTIMIZATION_LEVEL = 0;
				GCC_PREPROCESSOR_DEFINITIONS = (
					"DEBUG=1",
					"$(inherited)",
				);
				GCC_WARN_64_TO_32_BIT_CONVERSION = YES;
				GCC_WARN_ABOUT_RETURN_TYPE = YES_ERROR;
				GCC_WARN_UNDECLARED_SELECTOR = YES;
				GCC_WARN_UNINITIALIZED_AUTOS = YES_AGGRESSIVE;
				GCC_WARN_UNUSED_FUNCTION = YES;
				GCC_WARN_UNUSED_VARIABLE = YES;
				IPHONEOS_DEPLOYMENT_TARGET = 18.4;
				LOCALIZATION_PREFERS_STRING_CATALOGS = YES;
				MTL_ENABLE_DEBUG_INFO = INCLUDE_SOURCE;
				MTL_FAST_MATH = YES;
				ONLY_ACTIVE_ARCH = YES;
				SDKROOT = iphoneos;
				SWIFT_ACTIVE_COMPILATION_CONDITIONS = "DEBUG $(inherited)";
				SWIFT_OPTIMIZATION_LEVEL = "-Onone";
			};
			name = Debug;
		};
		EA7B61D42DDD0A36008F9E1F /* Release */ = {
			isa = XCBuildConfiguration;
			buildSettings = {
				ALWAYS_SEARCH_USER_PATHS = NO;
				ASSETCATALOG_COMPILER_GENERATE_SWIFT_ASSET_SYMBOL_EXTENSIONS = YES;
				CLANG_ANALYZER_NONNULL = YES;
				CLANG_ANALYZER_NUMBER_OBJECT_CONVERSION = YES_AGGRESSIVE;
				CLANG_CXX_LANGUAGE_STANDARD = "gnu++20";
				CLANG_ENABLE_MODULES = YES;
				CLANG_ENABLE_OBJC_ARC = YES;
				CLANG_ENABLE_OBJC_WEAK = YES;
				CLANG_WARN_BLOCK_CAPTURE_AUTORELEASING = YES;
				CLANG_WARN_BOOL_CONVERSION = YES;
				CLANG_WARN_COMMA = YES;
				CLANG_WARN_CONSTANT_CONVERSION = YES;
				CLANG_WARN_DEPRECATED_OBJC_IMPLEMENTATIONS = YES;
				CLANG_WARN_DIRECT_OBJC_ISA_USAGE = YES_ERROR;
				CLANG_WARN_DOCUMENTATION_COMMENTS = YES;
				CLANG_WARN_EMPTY_BODY = YES;
				CLANG_WARN_ENUM_CONVERSION = YES;
				CLANG_WARN_INFINITE_RECURSION = YES;
				CLANG_WARN_INT_CONVERSION = YES;
				CLANG_WARN_NON_LITERAL_NULL_CONVERSION = YES;
				CLANG_WARN_OBJC_IMPLICIT_RETAIN_SELF = YES;
				CLANG_WARN_OBJC_LITERAL_CONVERSION = YES;
				CLANG_WARN_OBJC_ROOT_CLASS = YES_ERROR;
				CLANG_WARN_QUOTED_INCLUDE_IN_FRAMEWORK_HEADER = YES;
				CLANG_WARN_RANGE_LOOP_ANALYSIS = YES;
				CLANG_WARN_STRICT_PROTOTYPES = YES;
				CLANG_WARN_SUSPICIOUS_MOVE = YES;
				CLANG_WARN_UNGUARDED_AVAILABILITY = YES_AGGRESSIVE;
				CLANG_WARN_UNREACHABLE_CODE = YES;
				CLANG_WARN__DUPLICATE_METHOD_MATCH = YES;
				COPY_PHASE_STRIP = NO;
				DEBUG_INFORMATION_FORMAT = "dwarf-with-dsym";
				DEVELOPMENT_TEAM = 44N4NZ86S5;
				ENABLE_NS_ASSERTIONS = NO;
				ENABLE_STRICT_OBJC_MSGSEND = YES;
				ENABLE_USER_SCRIPT_SANDBOXING = YES;
				GCC_C_LANGUAGE_STANDARD = gnu17;
				GCC_NO_COMMON_BLOCKS = YES;
				GCC_WARN_64_TO_32_BIT_CONVERSION = YES;
				GCC_WARN_ABOUT_RETURN_TYPE = YES_ERROR;
				GCC_WARN_UNDECLARED_SELECTOR = YES;
				GCC_WARN_UNINITIALIZED_AUTOS = YES_AGGRESSIVE;
				GCC_WARN_UNUSED_FUNCTION = YES;
				GCC_WARN_UNUSED_VARIABLE = YES;
				IPHONEOS_DEPLOYMENT_TARGET = 18.4;
				LOCALIZATION_PREFERS_STRING_CATALOGS = YES;
				MTL_ENABLE_DEBUG_INFO = NO;
				MTL_FAST_MATH = YES;
				SDKROOT = iphoneos;
				SWIFT_COMPILATION_MODE = wholemodule;
				VALIDATE_PRODUCT = YES;
			};
			name = Release;
		};
		EA7B61D62DDD0A36008F9E1F /* Debug */ = {
			isa = XCBuildConfiguration;
			buildSettings = {
				ASSETCATALOG_COMPILER_APPICON_NAME = AppIcon;
				ASSETCATALOG_COMPILER_GLOBAL_ACCENT_COLOR_NAME = AccentColor;
				CODE_SIGN_STYLE = Automatic;
				CURRENT_PROJECT_VERSION = 1;
				DEVELOPMENT_TEAM = 44N4NZ86S5;
				ENABLE_PREVIEWS = YES;
				GENERATE_INFOPLIST_FILE = YES;
				INFOPLIST_KEY_UIApplicationSceneManifest_Generation = YES;
				INFOPLIST_KEY_UIApplicationSupportsIndirectInputEvents = YES;
				INFOPLIST_KEY_UILaunchScreen_Generation = YES;
				INFOPLIST_KEY_UISupportedInterfaceOrientations_iPad = "UIInterfaceOrientationPortrait UIInterfaceOrientationPortraitUpsideDown UIInterfaceOrientationLandscapeLeft UIInterfaceOrientationLandscapeRight";
				INFOPLIST_KEY_UISupportedInterfaceOrientations_iPhone = "UIInterfaceOrientationPortrait UIInterfaceOrientationLandscapeLeft UIInterfaceOrientationLandscapeRight";
				LD_RUNPATH_SEARCH_PATHS = (
					"$(inherited)",
					"@executable_path/Frameworks",
				);
				MARKETING_VERSION = 1.0;
				PRODUCT_BUNDLE_IDENTIFIER = AcmeGamingLabs.Garden;
				PRODUCT_NAME = "$(TARGET_NAME)";
				SWIFT_EMIT_LOC_STRINGS = YES;
				SWIFT_VERSION = 5.0;
				TARGETED_DEVICE_FAMILY = "1,2";
			};
			name = Debug;
		};
		EA7B61D72DDD0A36008F9E1F /* Release */ = {
			isa = XCBuildConfiguration;
			buildSettings = {
				ASSETCATALOG_COMPILER_APPICON_NAME = AppIcon;
				ASSETCATALOG_COMPILER_GLOBAL_ACCENT_COLOR_NAME = AccentColor;
				CODE_SIGN_STYLE = Automatic;
				CURRENT_PROJECT_VERSION = 1;
				DEVELOPMENT_TEAM = 44N4NZ86S5;
				ENABLE_PREVIEWS = YES;
				GENERATE_INFOPLIST_FILE = YES;
				INFOPLIST_KEY_UIApplicationSceneManifest_Generation = YES;
				INFOPLIST_KEY_UIApplicationSupportsIndirectInputEvents = YES;
				INFOPLIST_KEY_UILaunchScreen_Generation = YES;
				INFOPLIST_KEY_UISupportedInterfaceOrientations_iPad = "UIInterfaceOrientationPortrait UIInterfaceOrientationPortraitUpsideDown UIInterfaceOrientationLandscapeLeft UIInterfaceOrientationLandscapeRight";
				INFOPLIST_KEY_UISupportedInterfaceOrientations_iPhone = "UIInterfaceOrientationPortrait UIInterfaceOrientationLandscapeLeft UIInterfaceOrientationLandscapeRight";
				LD_RUNPATH_SEARCH_PATHS = (
					"$(inherited)",
					"@executable_path/Frameworks",
				);
				MARKETING_VERSION = 1.0;
				PRODUCT_BUNDLE_IDENTIFIER = AcmeGamingLabs.Garden;
				PRODUCT_NAME = "$(TARGET_NAME)";
				SWIFT_EMIT_LOC_STRINGS = YES;
				SWIFT_VERSION = 5.0;
				TARGETED_DEVICE_FAMILY = "1,2";
			};
			name = Release;
		};
		EA7B61D92DDD0A36008F9E1F /* Debug */ = {
			isa = XCBuildConfiguration;
			buildSettings = {
				BUNDLE_LOADER = "$(TEST_HOST)";
				CODE_SIGN_STYLE = Automatic;
				CURRENT_PROJECT_VERSION = 1;
				DEVELOPMENT_TEAM = 44N4NZ86S5;
				GENERATE_INFOPLIST_FILE = YES;
				IPHONEOS_DEPLOYMENT_TARGET = 18.4;
				MARKETING_VERSION = 1.0;
				PRODUCT_BUNDLE_IDENTIFIER = AcmeGamingLabs.GardenTests;
				PRODUCT_NAME = "$(TARGET_NAME)";
				SWIFT_EMIT_LOC_STRINGS = NO;
				SWIFT_VERSION = 5.0;
				TARGETED_DEVICE_FAMILY = "1,2";
				TEST_HOST = "$(BUILT_PRODUCTS_DIR)/Garden.app/$(BUNDLE_EXECUTABLE_FOLDER_PATH)/Garden";
			};
			name = Debug;
		};
		EA7B61DA2DDD0A36008F9E1F /* Release */ = {
			isa = XCBuildConfiguration;
			buildSettings = {
				BUNDLE_LOADER = "$(TEST_HOST)";
				CODE_SIGN_STYLE = Automatic;
				CURRENT_PROJECT_VERSION = 1;
				DEVELOPMENT_TEAM = 44N4NZ86S5;
				GENERATE_INFOPLIST_FILE = YES;
				IPHONEOS_DEPLOYMENT_TARGET = 18.4;
				MARKETING_VERSION = 1.0;
				PRODUCT_BUNDLE_IDENTIFIER = AcmeGamingLabs.GardenTests;
				PRODUCT_NAME = "$(TARGET_NAME)";
				SWIFT_EMIT_LOC_STRINGS = NO;
				SWIFT_VERSION = 5.0;
				TARGETED_DEVICE_FAMILY = "1,2";
				TEST_HOST = "$(BUILT_PRODUCTS_DIR)/Garden.app/$(BUNDLE_EXECUTABLE_FOLDER_PATH)/Garden";
			};
			name = Release;
		};
		EA7B61DC2DDD0A36008F9E1F /* Debug */ = {
			isa = XCBuildConfiguration;
			buildSettings = {
				CODE_SIGN_STYLE = Automatic;
				CURRENT_PROJECT_VERSION = 1;
				DEVELOPMENT_TEAM = 44N4NZ86S5;
				GENERATE_INFOPLIST_FILE = YES;
				MARKETING_VERSION = 1.0;
				PRODUCT_BUNDLE_IDENTIFIER = AcmeGamingLabs.GardenUITests;
				PRODUCT_NAME = "$(TARGET_NAME)";
				SWIFT_EMIT_LOC_STRINGS = NO;
				SWIFT_VERSION = 5.0;
				TARGETED_DEVICE_FAMILY = "1,2";
				TEST_TARGET_NAME = Garden;
			};
			name = Debug;
		};
		EA7B61DD2DDD0A36008F9E1F /* Release */ = {
			isa = XCBuildConfiguration;
			buildSettings = {
				CODE_SIGN_STYLE = Automatic;
				CURRENT_PROJECT_VERSION = 1;
				DEVELOPMENT_TEAM = 44N4NZ86S5;
				GENERATE_INFOPLIST_FILE = YES;
				MARKETING_VERSION = 1.0;
				PRODUCT_BUNDLE_IDENTIFIER = AcmeGamingLabs.GardenUITests;
				PRODUCT_NAME = "$(TARGET_NAME)";
				SWIFT_EMIT_LOC_STRINGS = NO;
				SWIFT_VERSION = 5.0;
				TARGETED_DEVICE_FAMILY = "1,2";
				TEST_TARGET_NAME = Garden;
			};
			name = Release;
		};
/* End XCBuildConfiguration section */

/* Begin XCConfigurationList section */
		EA7B61AA2DDD0A33008F9E1F /* Build configuration list for PBXProject "Garden" */ = {
			isa = XCConfigurationList;
			buildConfigurations = (
				EA7B61D32DDD0A36008F9E1F /* Debug */,
				EA7B61D42DDD0A36008F9E1F /* Release */,
			);
			defaultConfigurationIsVisible = 0;
			defaultConfigurationName = Release;
		};
		EA7B61D52DDD0A36008F9E1F /* Build configuration list for PBXNativeTarget "Garden" */ = {
			isa = XCConfigurationList;
			buildConfigurations = (
				EA7B61D62DDD0A36008F9E1F /* Debug */,
				EA7B61D72DDD0A36008F9E1F /* Release */,
			);
			defaultConfigurationIsVisible = 0;
			defaultConfigurationName = Release;
		};
		EA7B61D82DDD0A36008F9E1F /* Build configuration list for PBXNativeTarget "GardenTests" */ = {
			isa = XCConfigurationList;
			buildConfigurations = (
				EA7B61D92DDD0A36008F9E1F /* Debug */,
				EA7B61DA2DDD0A36008F9E1F /* Release */,
			);
			defaultConfigurationIsVisible = 0;
			defaultConfigurationName = Release;
		};
		EA7B61DB2DDD0A36008F9E1F /* Build configuration list for PBXNativeTarget "GardenUITests" */ = {
			isa = XCConfigurationList;
			buildConfigurations = (
				EA7B61DC2DDD0A36008F9E1F /* Debug */,
				EA7B61DD2DDD0A36008F9E1F /* Release */,
			);
			defaultConfigurationIsVisible = 0;
			defaultConfigurationName = Release;
		};
/* End XCConfigurationList section */
	};
	rootObject = EA7B61A72DDD0A33008F9E1F /* Project object */;
}
